
Microsoft Visual Studio Solution File, Format Version 12.00
# Visual Studio Version 17
VisualStudioVersion = 17.7.34003.232
MinimumVisualStudioVersion = 10.0.40219.1
Project("{9A19103F-16F7-4668-BE54-9A1E7A4F7556}") = "Vetores", "Vetores.csproj", "{C8C2D28D-9356-4803-82F0-24C9391F9209}"
EndProject
Project("{9A19103F-16F7-4668-BE54-9A1E7A4F7556}") = "Matrizes", "..\Matrizes\Matrizes.csproj", "{561B7ECC-B06B-42FB-BFBD-4955B64A0E9A}"
EndProject
Project("{FAE04EC0-301F-11D3-BF4B-00C04F79EFBC}") = "Atividade01", "..\Atividade01\Atividade01.csproj", "{4AA2A630-B76F-4158-82A0-0C07FB6A319F}"
EndProject
Project("{FAE04EC0-301F-11D3-BF4B-00C04F79EFBC}") = "atividade03", "..\atividade04\atividade03.csproj", "{09C573AC-A0EE-4BA8-914C-942511EE46A1}"
EndProject
Global
	GlobalSection(SolutionConfigurationPlatforms) = preSolution
		Debug|Any CPU = Debug|Any CPU
		Release|Any CPU = Release|Any CPU
	EndGlobalSection
	GlobalSection(ProjectConfigurationPlatforms) = postSolution
		{C8C2D28D-9356-4803-82F0-24C9391F9209}.Debug|Any CPU.ActiveCfg = Debug|Any CPU
		{C8C2D28D-9356-4803-82F0-24C9391F9209}.Debug|Any CPU.Build.0 = Debug|Any CPU
		{C8C2D28D-9356-4803-82F0-24C9391F9209}.Release|Any CPU.ActiveCfg = Release|Any CPU
		{C8C2D28D-9356-4803-82F0-24C9391F9209}.Release|Any CPU.Build.0 = Release|Any CPU
		{561B7ECC-B06B-42FB-BFBD-4955B64A0E9A}.Debug|Any CPU.ActiveCfg = Debug|Any CPU
		{561B7ECC-B06B-42FB-BFBD-4955B64A0E9A}.Debug|Any CPU.Build.0 = Debug|Any CPU
		{561B7ECC-B06B-42FB-BFBD-4955B64A0E9A}.Release|Any CPU.ActiveCfg = Release|Any CPU
		{561B7ECC-B06B-42FB-BFBD-4955B64A0E9A}.Release|Any CPU.Build.0 = Release|Any CPU
		{4AA2A630-B76F-4158-82A0-0C07FB6A319F}.Debug|Any CPU.ActiveCfg = Debug|Any CPU
		{4AA2A630-B76F-4158-82A0-0C07FB6A319F}.Debug|Any CPU.Build.0 = Debug|Any CPU
		{4AA2A630-B76F-4158-82A0-0C07FB6A319F}.Release|Any CPU.ActiveCfg = Release|Any CPU
		{4AA2A630-B76F-4158-82A0-0C07FB6A319F}.Release|Any CPU.Build.0 = Release|Any CPU
		{09C573AC-A0EE-4BA8-914C-942511EE46A1}.Debug|Any CPU.ActiveCfg = Debug|Any CPU
		{09C573AC-A0EE-4BA8-914C-942511EE46A1}.Debug|Any CPU.Build.0 = Debug|Any CPU
		{09C573AC-A0EE-4BA8-914C-942511EE46A1}.Release|Any CPU.ActiveCfg = Release|Any CPU
		{09C573AC-A0EE-4BA8-914C-942511EE46A1}.Release|Any CPU.Build.0 = Release|Any CPU
	EndGlobalSection
	GlobalSection(SolutionProperties) = preSolution
		HideSolutionNode = FALSE
	EndGlobalSection
	GlobalSection(ExtensibilityGlobals) = postSolution
		SolutionGuid = {675BB45A-5D8D-43F9-8A4C-96C62B570615}
	EndGlobalSection
EndGlobal
